
Microsoft Visual Studio Solution File, Format Version 12.00
# Visual Studio 14
VisualStudioVersion = 14.0.25420.1
MinimumVisualStudioVersion = 10.0.40219.1
Project("{159641D6-6404-4A2A-AE62-294DE0FE8301}") = "BMLakewood_Conv", "BMLakewood_Conv\BMLakewood_Conv.dtproj", "{8422A3FC-A917-4E83-838F-703B9D784B7A}"
EndProject
Global
	GlobalSection(SolutionConfigurationPlatforms) = preSolution
		Development|Default = Development|Default
	EndGlobalSection
	GlobalSection(ProjectConfigurationPlatforms) = postSolution
		{8422A3FC-A917-4E83-838F-703B9D784B7A}.Development|Default.ActiveCfg = Development
		{8422A3FC-A917-4E83-838F-703B9D784B7A}.Development|Default.Build.0 = Development
	EndGlobalSection
	GlobalSection(SolutionProperties) = preSolution
		HideSolutionNode = FALSE
	EndGlobalSection
	GlobalSection(TeamFoundationVersionControl) = preSolution
		SccNumberOfProjects = 2
		SccEnterpriseProvider = {4CA58AB2-18FA-4F8D-95D4-32DDF27D184C}
		SccTeamFoundationServer = http://ptg-tfs:8080/tfs/defaultcollection
		SccLocalPath0 = .
		SccProjectUniqueName1 = BMLakewood_Conv\\BMLakewood_Conv.dtproj
		SccProjectName1 = BMLakewood_Conv
		SccLocalPath1 = BMLakewood_Conv
	EndGlobalSection
EndGlobal
